// !$*UTF8*$!
{
	archiveVersion = 1;
	classes = {
	};
	objectVersion = 46;
	objects = {

/* Begin PBXBuildFile section */
		359A764D1D94A144005E1B88 /* AppDelegate.swift in Sources */ = {isa = PBXBuildFile; fileRef = 359A764C1D94A144005E1B88 /* AppDelegate.swift */; };
		359A764F1D94A144005E1B88 /* ViewController.swift in Sources */ = {isa = PBXBuildFile; fileRef = 359A764E1D94A144005E1B88 /* ViewController.swift */; };
		359A76521D94A144005E1B88 /* Main.storyboard in Resources */ = {isa = PBXBuildFile; fileRef = 359A76501D94A144005E1B88 /* Main.storyboard */; };
		359A76551D94A144005E1B88 /* DestroyTheWorld.xcdatamodeld in Sources */ = {isa = PBXBuildFile; fileRef = 359A76531D94A144005E1B88 /* DestroyTheWorld.xcdatamodeld */; };
		359A76571D94A144005E1B88 /* Assets.xcassets in Resources */ = {isa = PBXBuildFile; fileRef = 359A76561D94A144005E1B88 /* Assets.xcassets */; };
		359A765A1D94A144005E1B88 /* LaunchScreen.storyboard in Resources */ = {isa = PBXBuildFile; fileRef = 359A76581D94A144005E1B88 /* LaunchScreen.storyboard */; };
		359A76651D94A144005E1B88 /* DestroyTheWorldTests.swift in Sources */ = {isa = PBXBuildFile; fileRef = 359A76641D94A144005E1B88 /* DestroyTheWorldTests.swift */; };
		359A76701D94A144005E1B88 /* DestroyTheWorldUITests.swift in Sources */ = {isa = PBXBuildFile; fileRef = 359A766F1D94A144005E1B88 /* DestroyTheWorldUITests.swift */; };
/* End PBXBuildFile section */

/* Begin PBXContainerItemProxy section */
		359A76611D94A144005E1B88 /* PBXContainerItemProxy */ = {
			isa = PBXContainerItemProxy;
			containerPortal = 359A76411D94A142005E1B88 /* Project object */;
			proxyType = 1;
			remoteGlobalIDString = 359A76481D94A142005E1B88;
			remoteInfo = DestroyTheWorld;
		};
		359A766C1D94A144005E1B88 /* PBXContainerItemProxy */ = {
			isa = PBXContainerItemProxy;
			containerPortal = 359A76411D94A142005E1B88 /* Project object */;
			proxyType = 1;
			remoteGlobalIDString = 359A76481D94A142005E1B88;
			remoteInfo = DestroyTheWorld;
		};
/* End PBXContainerItemProxy section */

/* Begin PBXFileReference section */
		359A76491D94A144005E1B88 /* DestroyTheWorld.app */ = {isa = PBXFileReference; explicitFileType = wrapper.application; includeInIndex = 0; path = DestroyTheWorld.app; sourceTree = BUILT_PRODUCTS_DIR; };
		359A764C1D94A144005E1B88 /* AppDelegate.swift */ = {isa = PBXFileReference; lastKnownFileType = sourcecode.swift; path = AppDelegate.swift; sourceTree = "<group>"; };
		359A764E1D94A144005E1B88 /* ViewController.swift */ = {isa = PBXFileReference; lastKnownFileType = sourcecode.swift; path = ViewController.swift; sourceTree = "<group>"; };
		359A76511D94A144005E1B88 /* Base */ = {isa = PBXFileReference; lastKnownFileType = file.storyboard; name = Base; path = Base.lproj/Main.storyboard; sourceTree = "<group>"; };
		359A76541D94A144005E1B88 /* DestroyTheWorld.xcdatamodel */ = {isa = PBXFileReference; lastKnownFileType = wrapper.xcdatamodel; path = DestroyTheWorld.xcdatamodel; sourceTree = "<group>"; };
		359A76561D94A144005E1B88 /* Assets.xcassets */ = {isa = PBXFileReference; lastKnownFileType = folder.assetcatalog; path = Assets.xcassets; sourceTree = "<group>"; };
		359A76591D94A144005E1B88 /* Base */ = {isa = PBXFileReference; lastKnownFileType = file.storyboard; name = Base; path = Base.lproj/LaunchScreen.storyboard; sourceTree = "<group>"; };
		359A765B1D94A144005E1B88 /* Info.plist */ = {isa = PBXFileReference; lastKnownFileType = text.plist.xml; path = Info.plist; sourceTree = "<group>"; };
		359A76601D94A144005E1B88 /* DestroyTheWorldTests.xctest */ = {isa = PBXFileReference; explicitFileType = wrapper.cfbundle; includeInIndex = 0; path = DestroyTheWorldTests.xctest; sourceTree = BUILT_PRODUCTS_DIR; };
		359A76641D94A144005E1B88 /* DestroyTheWorldTests.swift */ = {isa = PBXFileReference; lastKnownFileType = sourcecode.swift; path = DestroyTheWorldTests.swift; sourceTree = "<group>"; };
		359A76661D94A144005E1B88 /* Info.plist */ = {isa = PBXFileReference; lastKnownFileType = text.plist.xml; path = Info.plist; sourceTree = "<group>"; };
		359A766B1D94A144005E1B88 /* DestroyTheWorldUITests.xctest */ = {isa = PBXFileReference; explicitFileType = wrapper.cfbundle; includeInIndex = 0; path = DestroyTheWorldUITests.xctest; sourceTree = BUILT_PRODUCTS_DIR; };
		359A766F1D94A144005E1B88 /* DestroyTheWorldUITests.swift */ = {isa = PBXFileReference; lastKnownFileType = sourcecode.swift; path = DestroyTheWorldUITests.swift; sourceTree = "<group>"; };
		359A76711D94A144005E1B88 /* Info.plist */ = {isa = PBXFileReference; lastKnownFileType = text.plist.xml; path = Info.plist; sourceTree = "<group>"; };
/* End PBXFileReference section */

/* Begin PBXFrameworksBuildPhase section */
		359A76461D94A142005E1B88 /* Frameworks */ = {
			isa = PBXFrameworksBuildPhase;
			buildActionMask = 2147483647;
			files = (
			);
			runOnlyForDeploymentPostprocessing = 0;
		};
		359A765D1D94A144005E1B88 /* Frameworks */ = {
			isa = PBXFrameworksBuildPhase;
			buildActionMask = 2147483647;
			files = (
			);
			runOnlyForDeploymentPostprocessing = 0;
		};
		359A76681D94A144005E1B88 /* Frameworks */ = {
			isa = PBXFrameworksBuildPhase;
			buildActionMask = 2147483647;
			files = (
			);
			runOnlyForDeploymentPostprocessing = 0;
		};
/* End PBXFrameworksBuildPhase section */

/* Begin PBXGroup section */
		359A76401D94A142005E1B88 = {
			isa = PBXGroup;
			children = (
				359A764B1D94A144005E1B88 /* DestroyTheWorld */,
				359A76631D94A144005E1B88 /* DestroyTheWorldTests */,
				359A766E1D94A144005E1B88 /* DestroyTheWorldUITests */,
				359A764A1D94A144005E1B88 /* Products */,
			);
			sourceTree = "<group>";
		};
		359A764A1D94A144005E1B88 /* Products */ = {
			isa = PBXGroup;
			children = (
				359A76491D94A144005E1B88 /* DestroyTheWorld.app */,
				359A76601D94A144005E1B88 /* DestroyTheWorldTests.xctest */,
				359A766B1D94A144005E1B88 /* DestroyTheWorldUITests.xctest */,
			);
			name = Products;
			sourceTree = "<group>";
		};
		359A764B1D94A144005E1B88 /* DestroyTheWorld */ = {
			isa = PBXGroup;
			children = (
				359A764C1D94A144005E1B88 /* AppDelegate.swift */,
				359A764E1D94A144005E1B88 /* ViewController.swift */,
				359A76501D94A144005E1B88 /* Main.storyboard */,
				359A76561D94A144005E1B88 /* Assets.xcassets */,
				359A76581D94A144005E1B88 /* LaunchScreen.storyboard */,
				359A765B1D94A144005E1B88 /* Info.plist */,
				359A76531D94A144005E1B88 /* DestroyTheWorld.xcdatamodeld */,
			);
			path = DestroyTheWorld;
			sourceTree = "<group>";
		};
		359A76631D94A144005E1B88 /* DestroyTheWorldTests */ = {
			isa = PBXGroup;
			children = (
				359A76641D94A144005E1B88 /* DestroyTheWorldTests.swift */,
				359A76661D94A144005E1B88 /* Info.plist */,
			);
			path = DestroyTheWorldTests;
			sourceTree = "<group>";
		};
		359A766E1D94A144005E1B88 /* DestroyTheWorldUITests */ = {
			isa = PBXGroup;
			children = (
				359A766F1D94A144005E1B88 /* DestroyTheWorldUITests.swift */,
				359A76711D94A144005E1B88 /* Info.plist */,
			);
			path = DestroyTheWorldUITests;
			sourceTree = "<group>";
		};
/* End PBXGroup section */

/* Begin PBXNativeTarget section */
		359A76481D94A142005E1B88 /* DestroyTheWorld */ = {
			isa = PBXNativeTarget;
			buildConfigurationList = 359A76741D94A144005E1B88 /* Build configuration list for PBXNativeTarget "DestroyTheWorld" */;
			buildPhases = (
				359A76451D94A142005E1B88 /* Sources */,
				359A76461D94A142005E1B88 /* Frameworks */,
				359A76471D94A142005E1B88 /* Resources */,
			);
			buildRules = (
			);
			dependencies = (
			);
			name = DestroyTheWorld;
			productName = DestroyTheWorld;
			productReference = 359A76491D94A144005E1B88 /* DestroyTheWorld.app */;
			productType = "com.apple.product-type.application";
		};
		359A765F1D94A144005E1B88 /* DestroyTheWorldTests */ = {
			isa = PBXNativeTarget;
			buildConfigurationList = 359A76771D94A144005E1B88 /* Build configuration list for PBXNativeTarget "DestroyTheWorldTests" */;
			buildPhases = (
				359A765C1D94A144005E1B88 /* Sources */,
				359A765D1D94A144005E1B88 /* Frameworks */,
				359A765E1D94A144005E1B88 /* Resources */,
			);
			buildRules = (
			);
			dependencies = (
				359A76621D94A144005E1B88 /* PBXTargetDependency */,
			);
			name = DestroyTheWorldTests;
			productName = DestroyTheWorldTests;
			productReference = 359A76601D94A144005E1B88 /* DestroyTheWorldTests.xctest */;
			productType = "com.apple.product-type.bundle.unit-test";
		};
		359A766A1D94A144005E1B88 /* DestroyTheWorldUITests */ = {
			isa = PBXNativeTarget;
			buildConfigurationList = 359A767A1D94A144005E1B88 /* Build configuration list for PBXNativeTarget "DestroyTheWorldUITests" */;
			buildPhases = (
				359A76671D94A144005E1B88 /* Sources */,
				359A76681D94A144005E1B88 /* Frameworks */,
				359A76691D94A144005E1B88 /* Resources */,
			);
			buildRules = (
			);
			dependencies = (
				359A766D1D94A144005E1B88 /* PBXTargetDependency */,
			);
			name = DestroyTheWorldUITests;
			productName = DestroyTheWorldUITests;
			productReference = 359A766B1D94A144005E1B88 /* DestroyTheWorldUITests.xctest */;
			productType = "com.apple.product-type.bundle.ui-testing";
		};
/* End PBXNativeTarget section */

/* Begin PBXProject section */
		359A76411D94A142005E1B88 /* Project object */ = {
			isa = PBXProject;
			attributes = {
				LastSwiftUpdateCheck = 0800;
				LastUpgradeCheck = 0800;
				ORGANIZATIONNAME = "Sudhanshu Ambadipudi";
				TargetAttributes = {
					359A76481D94A142005E1B88 = {
						CreatedOnToolsVersion = 8.0;
						ProvisioningStyle = Automatic;
					};
					359A765F1D94A144005E1B88 = {
						CreatedOnToolsVersion = 8.0;
						ProvisioningStyle = Automatic;
						TestTargetID = 359A76481D94A142005E1B88;
					};
					359A766A1D94A144005E1B88 = {
						CreatedOnToolsVersion = 8.0;
						ProvisioningStyle = Automatic;
						TestTargetID = 359A76481D94A142005E1B88;
					};
				};
			};
			buildConfigurationList = 359A76441D94A142005E1B88 /* Build configuration list for PBXProject "DestroyTheWorld" */;
			compatibilityVersion = "Xcode 3.2";
			developmentRegion = English;
			hasScannedForEncodings = 0;
			knownRegions = (
				en,
				Base,
			);
			mainGroup = 359A76401D94A142005E1B88;
			productRefGroup = 359A764A1D94A144005E1B88 /* Products */;
			projectDirPath = "";
			projectRoot = "";
			targets = (
				359A76481D94A142005E1B88 /* DestroyTheWorld */,
				359A765F1D94A144005E1B88 /* DestroyTheWorldTests */,
				359A766A1D94A144005E1B88 /* DestroyTheWorldUITests */,
			);
		};
/* End PBXProject section */

/* Begin PBXResourcesBuildPhase section */
		359A76471D94A142005E1B88 /* Resources */ = {
			isa = PBXResourcesBuildPhase;
			buildActionMask = 2147483647;
			files = (
				359A765A1D94A144005E1B88 /* LaunchScreen.storyboard in Resources */,
				359A76571D94A144005E1B88 /* Assets.xcassets in Resources */,
				359A76521D94A144005E1B88 /* Main.storyboard in Resources */,
			);
			runOnlyForDeploymentPostprocessing = 0;
		};
		359A765E1D94A144005E1B88 /* Resources */ = {
			isa = PBXResourcesBuildPhase;
			buildActionMask = 2147483647;
			files = (
			);
			runOnlyForDeploymentPostprocessing = 0;
		};
		359A76691D94A144005E1B88 /* Resources */ = {
			isa = PBXResourcesBuildPhase;
			buildActionMask = 2147483647;
			files = (
			);
			runOnlyForDeploymentPostprocessing = 0;
		};
/* End PBXResourcesBuildPhase section */

/* Begin PBXSourcesBuildPhase section */
		359A76451D94A142005E1B88 /* Sources */ = {
			isa = PBXSourcesBuildPhase;
			buildActionMask = 2147483647;
			files = (
				359A76551D94A144005E1B88 /* DestroyTheWorld.xcdatamodeld in Sources */,
				359A764F1D94A144005E1B88 /* ViewController.swift in Sources */,
				359A764D1D94A144005E1B88 /* AppDelegate.swift in Sources */,
			);
			runOnlyForDeploymentPostprocessing = 0;
		};
		359A765C1D94A144005E1B88 /* Sources */ = {
			isa = PBXSourcesBuildPhase;
			buildActionMask = 2147483647;
			files = (
				359A76651D94A144005E1B88 /* DestroyTheWorldTests.swift in Sources */,
			);
			runOnlyForDeploymentPostprocessing = 0;
		};
		359A76671D94A144005E1B88 /* Sources */ = {
			isa = PBXSourcesBuildPhase;
			buildActionMask = 2147483647;
			files = (
				359A76701D94A144005E1B88 /* DestroyTheWorldUITests.swift in Sources */,
			);
			runOnlyForDeploymentPostprocessing = 0;
		};
/* End PBXSourcesBuildPhase section */

/* Begin PBXTargetDependency section */
		359A76621D94A144005E1B88 /* PBXTargetDependency */ = {
			isa = PBXTargetDependency;
			target = 359A76481D94A142005E1B88 /* DestroyTheWorld */;
			targetProxy = 359A76611D94A144005E1B88 /* PBXContainerItemProxy */;
		};
		359A766D1D94A144005E1B88 /* PBXTargetDependency */ = {
			isa = PBXTargetDependency;
			target = 359A76481D94A142005E1B88 /* DestroyTheWorld */;
			targetProxy = 359A766C1D94A144005E1B88 /* PBXContainerItemProxy */;
		};
/* End PBXTargetDependency section */

/* Begin PBXVariantGroup section */
		359A76501D94A144005E1B88 /* Main.storyboard */ = {
			isa = PBXVariantGroup;
			children = (
				359A76511D94A144005E1B88 /* Base */,
			);
			name = Main.storyboard;
			sourceTree = "<group>";
		};
		359A76581D94A144005E1B88 /* LaunchScreen.storyboard */ = {
			isa = PBXVariantGroup;
			children = (
				359A76591D94A144005E1B88 /* Base */,
			);
			name = LaunchScreen.storyboard;
			sourceTree = "<group>";
		};
/* End PBXVariantGroup section */

/* Begin XCBuildConfiguration section */
		359A76721D94A144005E1B88 /* Debug */ = {
			isa = XCBuildConfiguration;
			buildSettings = {
				ALWAYS_SEARCH_USER_PATHS = NO;
				CLANG_ANALYZER_NONNULL = YES;
				CLANG_CXX_LANGUAGE_STANDARD = "gnu++0x";
				CLANG_CXX_LIBRARY = "libc++";
				CLANG_ENABLE_MODULES = YES;
				CLANG_ENABLE_OBJC_ARC = YES;
				CLANG_WARN_BOOL_CONVERSION = YES;
				CLANG_WARN_CONSTANT_CONVERSION = YES;
				CLANG_WARN_DIRECT_OBJC_ISA_USAGE = YES_ERROR;
				CLANG_WARN_DOCUMENTATION_COMMENTS = YES;
				CLANG_WARN_EMPTY_BODY = YES;
				CLANG_WARN_ENUM_CONVERSION = YES;
				CLANG_WARN_INFINITE_RECURSION = YES;
				CLANG_WARN_INT_CONVERSION = YES;
				CLANG_WARN_OBJC_ROOT_CLASS = YES_ERROR;
				CLANG_WARN_SUSPICIOUS_MOVES = YES;
				CLANG_WARN_UNREACHABLE_CODE = YES;
				CLANG_WARN__DUPLICATE_METHOD_MATCH = YES;
				"CODE_SIGN_IDENTITY[sdk=iphoneos*]" = "iPhone Developer";
				COPY_PHASE_STRIP = NO;
				DEBUG_INFORMATION_FORMAT = dwarf;
				ENABLE_STRICT_OBJC_MSGSEND = YES;
				ENABLE_TESTABILITY = YES;
				GCC_C_LANGUAGE_STANDARD = gnu99;
				GCC_DYNAMIC_NO_PIC = NO;
				GCC_NO_COMMON_BLOCKS = YES;
				GCC_OPTIMIZATION_LEVEL = 0;
				GCC_PREPROCESSOR_DEFINITIONS = (
					"DEBUG=1",
					"$(inherited)",
				);
				GCC_WARN_64_TO_32_BIT_CONVERSION = YES;
				GCC_WARN_ABOUT_RETURN_TYPE = YES_ERROR;
				GCC_WARN_UNDECLARED_SELECTOR = YES;
				GCC_WARN_UNINITIALIZED_AUTOS = YES_AGGRESSIVE;
				GCC_WARN_UNUSED_FUNCTION = YES;
				GCC_WARN_UNUSED_VARIABLE = YES;
				IPHONEOS_DEPLOYMENT_TARGET = 10.0;
				MTL_ENABLE_DEBUG_INFO = YES;
				ONLY_ACTIVE_ARCH = YES;
				SDKROOT = iphoneos;
				SWIFT_ACTIVE_COMPILATION_CONDITIONS = DEBUG;
				SWIFT_OPTIMIZATION_LEVEL = "-Onone";
				TARGETED_DEVICE_FAMILY = "1,2";
			};
			name = Debug;
		};
		359A76731D94A144005E1B88 /* Release */ = {
			isa = XCBuildConfiguration;
			buildSettings = {
				ALWAYS_SEARCH_USER_PATHS = NO;
				CLANG_ANALYZER_NONNULL = YES;
				CLANG_CXX_LANGUAGE_STANDARD = "gnu++0x";
				CLANG_CXX_LIBRARY = "libc++";
				CLANG_ENABLE_MODULES = YES;
				CLANG_ENABLE_OBJC_ARC = YES;
				CLANG_WARN_BOOL_CONVERSION = YES;
				CLANG_WARN_CONSTANT_CONVERSION = YES;
				CLANG_WARN_DIRECT_OBJC_ISA_USAGE = YES_ERROR;
				CLANG_WARN_DOCUMENTATION_COMMENTS = YES;
				CLANG_WARN_EMPTY_BODY = YES;
				CLANG_WARN_ENUM_CONVERSION = YES;
				CLANG_WARN_INFINITE_RECURSION = YES;
				CLANG_WARN_INT_CONVERSION = YES;
				CLANG_WARN_OBJC_ROOT_CLASS = YES_ERROR;
				CLANG_WARN_SUSPICIOUS_MOVES = YES;
				CLANG_WARN_UNREACHABLE_CODE = YES;
				CLANG_WARN__DUPLICATE_METHOD_MATCH = YES;
				"CODE_SIGN_IDENTITY[sdk=iphoneos*]" = "iPhone Developer";
				COPY_PHASE_STRIP = NO;
				DEBUG_INFORMATION_FORMAT = "dwarf-with-dsym";
				ENABLE_NS_ASSERTIONS = NO;
				ENABLE_STRICT_OBJC_MSGSEND = YES;
				GCC_C_LANGUAGE_STANDARD = gnu99;
				GCC_NO_COMMON_BLOCKS = YES;
				GCC_WARN_64_TO_32_BIT_CONVERSION = YES;
				GCC_WARN_ABOUT_RETURN_TYPE = YES_ERROR;
				GCC_WARN_UNDECLARED_SELECTOR = YES;
				GCC_WARN_UNINITIALIZED_AUTOS = YES_AGGRESSIVE;
				GCC_WARN_UNUSED_FUNCTION = YES;
				GCC_WARN_UNUSED_VARIABLE = YES;
				IPHONEOS_DEPLOYMENT_TARGET = 10.0;
				MTL_ENABLE_DEBUG_INFO = NO;
				SDKROOT = iphoneos;
				SWIFT_OPTIMIZATION_LEVEL = "-Owholemodule";
				TARGETED_DEVICE_FAMILY = "1,2";
				VALIDATE_PRODUCT = YES;
			};
			name = Release;
		};
		359A76751D94A144005E1B88 /* Debug */ = {
			isa = XCBuildConfiguration;
			buildSettings = {
				ASSETCATALOG_COMPILER_APPICON_NAME = AppIcon;
				INFOPLIST_FILE = DestroyTheWorld/Info.plist;
				LD_RUNPATH_SEARCH_PATHS = "$(inherited) @executable_path/Frameworks";
				PRODUCT_BUNDLE_IDENTIFIER = com.iloveplanes.DestroyTheWorld;
				PRODUCT_NAME = "$(TARGET_NAME)";
				SWIFT_VERSION = 3.0;
			};
			name = Debug;
		};
		359A76761D94A144005E1B88 /* Release */ = {
			isa = XCBuildConfiguration;
			buildSettings = {
				ASSETCATALOG_COMPILER_APPICON_NAME = AppIcon;
				INFOPLIST_FILE = DestroyTheWorld/Info.plist;
				LD_RUNPATH_SEARCH_PATHS = "$(inherited) @executable_path/Frameworks";
				PRODUCT_BUNDLE_IDENTIFIER = com.iloveplanes.DestroyTheWorld;
				PRODUCT_NAME = "$(TARGET_NAME)";
				SWIFT_VERSION = 3.0;
			};
			name = Release;
		};
		359A76781D94A144005E1B88 /* Debug */ = {
			isa = XCBuildConfiguration;
			buildSettings = {
				ALWAYS_EMBED_SWIFT_STANDARD_LIBRARIES = YES;
				BUNDLE_LOADER = "$(TEST_HOST)";
				INFOPLIST_FILE = DestroyTheWorldTests/Info.plist;
				LD_RUNPATH_SEARCH_PATHS = "$(inherited) @executable_path/Frameworks @loader_path/Frameworks";
				PRODUCT_BUNDLE_IDENTIFIER = com.iloveplanes.DestroyTheWorldTests;
				PRODUCT_NAME = "$(TARGET_NAME)";
				SWIFT_VERSION = 3.0;
				TEST_HOST = "$(BUILT_PRODUCTS_DIR)/DestroyTheWorld.app/DestroyTheWorld";
			};
			name = Debug;
		};
		359A76791D94A144005E1B88 /* Release */ = {
			isa = XCBuildConfiguration;
			buildSettings = {
				ALWAYS_EMBED_SWIFT_STANDARD_LIBRARIES = YES;
				BUNDLE_LOADER = "$(TEST_HOST)";
				INFOPLIST_FILE = DestroyTheWorldTests/Info.plist;
				LD_RUNPATH_SEARCH_PATHS = "$(inherited) @executable_path/Frameworks @loader_path/Frameworks";
				PRODUCT_BUNDLE_IDENTIFIER = com.iloveplanes.DestroyTheWorldTests;
				PRODUCT_NAME = "$(TARGET_NAME)";
				SWIFT_VERSION = 3.0;
				TEST_HOST = "$(BUILT_PRODUCTS_DIR)/DestroyTheWorld.app/DestroyTheWorld";
			};
			name = Release;
		};
		359A767B1D94A144005E1B88 /* Debug */ = {
			isa = XCBuildConfiguration;
			buildSettings = {
				ALWAYS_EMBED_SWIFT_STANDARD_LIBRARIES = YES;
				INFOPLIST_FILE = DestroyTheWorldUITests/Info.plist;
				LD_RUNPATH_SEARCH_PATHS = "$(inherited) @executable_path/Frameworks @loader_path/Frameworks";
				PRODUCT_BUNDLE_IDENTIFIER = com.iloveplanes.DestroyTheWorldUITests;
				PRODUCT_NAME = "$(TARGET_NAME)";
				SWIFT_VERSION = 3.0;
				TEST_TARGET_NAME = DestroyTheWorld;
			};
			name = Debug;
		};
		359A767C1D94A144005E1B88 /* Release */ = {
			isa = XCBuildConfiguration;
			buildSettings = {
				ALWAYS_EMBED_SWIFT_STANDARD_LIBRARIES = YES;
				INFOPLIST_FILE = DestroyTheWorldUITests/Info.plist;
				LD_RUNPATH_SEARCH_PATHS = "$(inherited) @executable_path/Frameworks @loader_path/Frameworks";
				PRODUCT_BUNDLE_IDENTIFIER = com.iloveplanes.DestroyTheWorldUITests;
				PRODUCT_NAME = "$(TARGET_NAME)";
				SWIFT_VERSION = 3.0;
				TEST_TARGET_NAME = DestroyTheWorld;
			};
			name = Release;
		};
/* End XCBuildConfiguration section */

/* Begin XCConfigurationList section */
		359A76441D94A142005E1B88 /* Build configuration list for PBXProject "DestroyTheWorld" */ = {
			isa = XCConfigurationList;
			buildConfigurations = (
				359A76721D94A144005E1B88 /* Debug */,
				359A76731D94A144005E1B88 /* Release */,
			);
			defaultConfigurationIsVisible = 0;
			defaultConfigurationName = Release;
		};
		359A76741D94A144005E1B88 /* Build configuration list for PBXNativeTarget "DestroyTheWorld" */ = {
			isa = XCConfigurationList;
			buildConfigurations = (
				359A76751D94A144005E1B88 /* Debug */,
				359A76761D94A144005E1B88 /* Release */,
			);
			defaultConfigurationIsVisible = 0;
		};
		359A76771D94A144005E1B88 /* Build configuration list for PBXNativeTarget "DestroyTheWorldTests" */ = {
			isa = XCConfigurationList;
			buildConfigurations = (
				359A76781D94A144005E1B88 /* Debug */,
				359A76791D94A144005E1B88 /* Release */,
			);
			defaultConfigurationIsVisible = 0;
		};
		359A767A1D94A144005E1B88 /* Build configuration list for PBXNativeTarget "DestroyTheWorldUITests" */ = {
			isa = XCConfigurationList;
			buildConfigurations = (
				359A767B1D94A144005E1B88 /* Debug */,
				359A767C1D94A144005E1B88 /* Release */,
			);
			defaultConfigurationIsVisible = 0;
		};
/* End XCConfigurationList section */

/* Begin XCVersionGroup section */
		359A76531D94A144005E1B88 /* DestroyTheWorld.xcdatamodeld */ = {
			isa = XCVersionGroup;
			children = (
				359A76541D94A144005E1B88 /* DestroyTheWorld.xcdatamodel */,
			);
			currentVersion = 359A76541D94A144005E1B88 /* DestroyTheWorld.xcdatamodel */;
			path = DestroyTheWorld.xcdatamodeld;
			sourceTree = "<group>";
			versionGroupType = wrapper.xcdatamodel;
		};
/* End XCVersionGroup section */
	};
	rootObject = 359A76411D94A142005E1B88 /* Project object */;
}
